
Microsoft Visual Studio Solution File, Format Version 12.00
# Visual Studio Version 17
VisualStudioVersion = 17.6.33723.286
MinimumVisualStudioVersion = 10.0.40219.1
Project("{9A19103F-16F7-4668-BE54-9A1E7A4F7556}") = "StrategyGame", "StrategyGame\StrategyGame.csproj", "{0FFD3F50-4569-4B84-8B75-94B4B66F1284}"
EndProject
Project("{FAE04EC0-301F-11D3-BF4B-00C04F79EFBC}") = "StrategyGame.DataAccess", "StrategyGame.DataAccess\StrategyGame.DataAccess.csproj", "{BB8188BD-256A-4A87-9C8B-B24090F74DCA}"
EndProject
Project("{FAE04EC0-301F-11D3-BF4B-00C04F79EFBC}") = "StrategyGame.Utility", "StrategyGame.Utility\StrategyGame.Utility.csproj", "{CFAF2FC1-FC6C-4943-B8F7-BA5766E2879E}"
EndProject
Global
	GlobalSection(SolutionConfigurationPlatforms) = preSolution
		Debug|Any CPU = Debug|Any CPU
		Release|Any CPU = Release|Any CPU
	EndGlobalSection
	GlobalSection(ProjectConfigurationPlatforms) = postSolution
		{0FFD3F50-4569-4B84-8B75-94B4B66F1284}.Debug|Any CPU.ActiveCfg = Debug|Any CPU
		{0FFD3F50-4569-4B84-8B75-94B4B66F1284}.Debug|Any CPU.Build.0 = Debug|Any CPU
		{0FFD3F50-4569-4B84-8B75-94B4B66F1284}.Release|Any CPU.ActiveCfg = Release|Any CPU
		{0FFD3F50-4569-4B84-8B75-94B4B66F1284}.Release|Any CPU.Build.0 = Release|Any CPU
		{BB8188BD-256A-4A87-9C8B-B24090F74DCA}.Debug|Any CPU.ActiveCfg = Debug|Any CPU
		{BB8188BD-256A-4A87-9C8B-B24090F74DCA}.Debug|Any CPU.Build.0 = Debug|Any CPU
		{BB8188BD-256A-4A87-9C8B-B24090F74DCA}.Release|Any CPU.ActiveCfg = Release|Any CPU
		{BB8188BD-256A-4A87-9C8B-B24090F74DCA}.Release|Any CPU.Build.0 = Release|Any CPU
		{CFAF2FC1-FC6C-4943-B8F7-BA5766E2879E}.Debug|Any CPU.ActiveCfg = Debug|Any CPU
		{CFAF2FC1-FC6C-4943-B8F7-BA5766E2879E}.Debug|Any CPU.Build.0 = Debug|Any CPU
		{CFAF2FC1-FC6C-4943-B8F7-BA5766E2879E}.Release|Any CPU.ActiveCfg = Release|Any CPU
		{CFAF2FC1-FC6C-4943-B8F7-BA5766E2879E}.Release|Any CPU.Build.0 = Release|Any CPU
	EndGlobalSection
	GlobalSection(SolutionProperties) = preSolution
		HideSolutionNode = FALSE
	EndGlobalSection
	GlobalSection(ExtensibilityGlobals) = postSolution
		SolutionGuid = {7FA43097-04E2-4D91-9820-F0A77C9ECEF9}
	EndGlobalSection
EndGlobal
